
Microsoft Visual Studio Solution File, Format Version 12.00
# Visual Studio Version 17
VisualStudioVersion = 17.0.32014.148
MinimumVisualStudioVersion = 10.0.40219.1
Project("{FAE04EC0-301F-11D3-BF4B-00C04F79EFBC}") = "VacancyManagment", "VacancyManagment\VacancyManagment.csproj", "{7D92B9CF-44CB-4CF6-9135-B6C5D34EF266}"
EndProject
Global
	GlobalSection(SolutionConfigurationPlatforms) = preSolution
		Debug|Any CPU = Debug|Any CPU
		Release|Any CPU = Release|Any CPU
	EndGlobalSection
	GlobalSection(ProjectConfigurationPlatforms) = postSolution
		{7D92B9CF-44CB-4CF6-9135-B6C5D34EF266}.Debug|Any CPU.ActiveCfg = Debug|Any CPU
		{7D92B9CF-44CB-4CF6-9135-B6C5D34EF266}.Debug|Any CPU.Build.0 = Debug|Any CPU
		{7D92B9CF-44CB-4CF6-9135-B6C5D34EF266}.Release|Any CPU.ActiveCfg = Release|Any CPU
		{7D92B9CF-44CB-4CF6-9135-B6C5D34EF266}.Release|Any CPU.Build.0 = Release|Any CPU
	EndGlobalSection
	GlobalSection(SolutionProperties) = preSolution
		HideSolutionNode = FALSE
	EndGlobalSection
	GlobalSection(ExtensibilityGlobals) = postSolution
		SolutionGuid = {5D4B408A-CA1D-437B-A364-08D8614F3D23}
	EndGlobalSection
EndGlobal
